// !$*UTF8*$!
{
	archiveVersion = 1;
	classes = {
	};
	objectVersion = 56;
	objects = {

/* Begin PBXBuildFile section */
		921137D62ACEB39700B31DCE /* AppDelegate.swift in Sources */ = {isa = PBXBuildFile; fileRef = 921137D52ACEB39700B31DCE /* AppDelegate.swift */; };
		921137D82ACEB39700B31DCE /* SceneDelegate.swift in Sources */ = {isa = PBXBuildFile; fileRef = 921137D72ACEB39700B31DCE /* SceneDelegate.swift */; };
		921137DA2ACEB39700B31DCE /* ViewController.swift in Sources */ = {isa = PBXBuildFile; fileRef = 921137D92ACEB39700B31DCE /* ViewController.swift */; };
		921137DD2ACEB39700B31DCE /* Main.storyboard in Resources */ = {isa = PBXBuildFile; fileRef = 921137DB2ACEB39700B31DCE /* Main.storyboard */; };
		921137DF2ACEB39800B31DCE /* Assets.xcassets in Resources */ = {isa = PBXBuildFile; fileRef = 921137DE2ACEB39800B31DCE /* Assets.xcassets */; };
		921137E22ACEB39800B31DCE /* LaunchScreen.storyboard in Resources */ = {isa = PBXBuildFile; fileRef = 921137E02ACEB39800B31DCE /* LaunchScreen.storyboard */; };
		921137EA2ACEC0A500B31DCE /* CatSpecies.swift in Sources */ = {isa = PBXBuildFile; fileRef = 921137E92ACEC0A500B31DCE /* CatSpecies.swift */; };
		921137EC2ACEC12A00B31DCE /* ResourceType.swift in Sources */ = {isa = PBXBuildFile; fileRef = 921137EB2ACEC12A00B31DCE /* ResourceType.swift */; };
		921137EE2ACEC55B00B31DCE /* CardDummy.swift in Sources */ = {isa = PBXBuildFile; fileRef = 921137ED2ACEC55B00B31DCE /* CardDummy.swift */; };
		921137F02ACECFDD00B31DCE /* PlayerProtocol.swift in Sources */ = {isa = PBXBuildFile; fileRef = 921137EF2ACECFDD00B31DCE /* PlayerProtocol.swift */; };
		921137F22ACEE06300B31DCE /* GameManager.swift in Sources */ = {isa = PBXBuildFile; fileRef = 921137F12ACEE06300B31DCE /* GameManager.swift */; };
		921137F42ACEF0ED00B31DCE /* Computer.swift in Sources */ = {isa = PBXBuildFile; fileRef = 921137F32ACEF0ED00B31DCE /* Computer.swift */; };
		921137F62ACEF10500B31DCE /* User.swift in Sources */ = {isa = PBXBuildFile; fileRef = 921137F52ACEF10500B31DCE /* User.swift */; };
/* End PBXBuildFile section */

/* Begin PBXFileReference section */
		921137D22ACEB39700B31DCE /* CatCard.app */ = {isa = PBXFileReference; explicitFileType = wrapper.application; includeInIndex = 0; path = CatCard.app; sourceTree = BUILT_PRODUCTS_DIR; };
		921137D52ACEB39700B31DCE /* AppDelegate.swift */ = {isa = PBXFileReference; lastKnownFileType = sourcecode.swift; path = AppDelegate.swift; sourceTree = "<group>"; };
		921137D72ACEB39700B31DCE /* SceneDelegate.swift */ = {isa = PBXFileReference; lastKnownFileType = sourcecode.swift; path = SceneDelegate.swift; sourceTree = "<group>"; };
		921137D92ACEB39700B31DCE /* ViewController.swift */ = {isa = PBXFileReference; lastKnownFileType = sourcecode.swift; path = ViewController.swift; sourceTree = "<group>"; };
		921137DC2ACEB39700B31DCE /* Base */ = {isa = PBXFileReference; lastKnownFileType = file.storyboard; name = Base; path = Base.lproj/Main.storyboard; sourceTree = "<group>"; };
		921137DE2ACEB39800B31DCE /* Assets.xcassets */ = {isa = PBXFileReference; lastKnownFileType = folder.assetcatalog; path = Assets.xcassets; sourceTree = "<group>"; };
		921137E12ACEB39800B31DCE /* Base */ = {isa = PBXFileReference; lastKnownFileType = file.storyboard; name = Base; path = Base.lproj/LaunchScreen.storyboard; sourceTree = "<group>"; };
		921137E32ACEB39800B31DCE /* Info.plist */ = {isa = PBXFileReference; lastKnownFileType = text.plist.xml; path = Info.plist; sourceTree = "<group>"; };
		921137E92ACEC0A500B31DCE /* CatSpecies.swift */ = {isa = PBXFileReference; lastKnownFileType = sourcecode.swift; path = CatSpecies.swift; sourceTree = "<group>"; };
		921137EB2ACEC12A00B31DCE /* ResourceType.swift */ = {isa = PBXFileReference; lastKnownFileType = sourcecode.swift; path = ResourceType.swift; sourceTree = "<group>"; };
		921137ED2ACEC55B00B31DCE /* CardDummy.swift */ = {isa = PBXFileReference; lastKnownFileType = sourcecode.swift; path = CardDummy.swift; sourceTree = "<group>"; };
		921137EF2ACECFDD00B31DCE /* PlayerProtocol.swift */ = {isa = PBXFileReference; lastKnownFileType = sourcecode.swift; path = PlayerProtocol.swift; sourceTree = "<group>"; };
		921137F12ACEE06300B31DCE /* GameManager.swift */ = {isa = PBXFileReference; lastKnownFileType = sourcecode.swift; path = GameManager.swift; sourceTree = "<group>"; };
		921137F32ACEF0ED00B31DCE /* Computer.swift */ = {isa = PBXFileReference; lastKnownFileType = sourcecode.swift; path = Computer.swift; sourceTree = "<group>"; };
		921137F52ACEF10500B31DCE /* User.swift */ = {isa = PBXFileReference; lastKnownFileType = sourcecode.swift; path = User.swift; sourceTree = "<group>"; };
/* End PBXFileReference section */

/* Begin PBXFrameworksBuildPhase section */
		921137CF2ACEB39700B31DCE /* Frameworks */ = {
			isa = PBXFrameworksBuildPhase;
			buildActionMask = 2147483647;
			files = (
			);
			runOnlyForDeploymentPostprocessing = 0;
		};
/* End PBXFrameworksBuildPhase section */

/* Begin PBXGroup section */
		921137C92ACEB39700B31DCE = {
			isa = PBXGroup;
			children = (
				921137D42ACEB39700B31DCE /* CatCard */,
				921137D32ACEB39700B31DCE /* Products */,
			);
			sourceTree = "<group>";
		};
		921137D32ACEB39700B31DCE /* Products */ = {
			isa = PBXGroup;
			children = (
				921137D22ACEB39700B31DCE /* CatCard.app */,
			);
			name = Products;
			sourceTree = "<group>";
		};
		921137D42ACEB39700B31DCE /* CatCard */ = {
			isa = PBXGroup;
			children = (
				921137F12ACEE06300B31DCE /* GameManager.swift */,
				921137FA2ACEF23900B31DCE /* Card */,
				921137F72ACEF1F300B31DCE /* Player */,
				921137D52ACEB39700B31DCE /* AppDelegate.swift */,
				921137D72ACEB39700B31DCE /* SceneDelegate.swift */,
				921137D92ACEB39700B31DCE /* ViewController.swift */,
				921137DB2ACEB39700B31DCE /* Main.storyboard */,
				921137DE2ACEB39800B31DCE /* Assets.xcassets */,
				921137E02ACEB39800B31DCE /* LaunchScreen.storyboard */,
				921137E32ACEB39800B31DCE /* Info.plist */,
			);
			path = CatCard;
			sourceTree = "<group>";
		};
		921137F72ACEF1F300B31DCE /* Player */ = {
			isa = PBXGroup;
			children = (
				921137F92ACEF20400B31DCE /* Model */,
				921137F82ACEF1FB00B31DCE /* Protocol */,
			);
			path = Player;
			sourceTree = "<group>";
		};
		921137F82ACEF1FB00B31DCE /* Protocol */ = {
			isa = PBXGroup;
			children = (
				921137EF2ACECFDD00B31DCE /* PlayerProtocol.swift */,
			);
			path = Protocol;
			sourceTree = "<group>";
		};
		921137F92ACEF20400B31DCE /* Model */ = {
			isa = PBXGroup;
			children = (
				921137F32ACEF0ED00B31DCE /* Computer.swift */,
				921137F52ACEF10500B31DCE /* User.swift */,
			);
			path = Model;
			sourceTree = "<group>";
		};
		921137FA2ACEF23900B31DCE /* Card */ = {
			isa = PBXGroup;
			children = (
				921137ED2ACEC55B00B31DCE /* CardDummy.swift */,
				921137FB2ACEF24A00B31DCE /* Type */,
			);
			path = Card;
			sourceTree = "<group>";
		};
		921137FB2ACEF24A00B31DCE /* Type */ = {
			isa = PBXGroup;
			children = (
				921137E92ACEC0A500B31DCE /* CatSpecies.swift */,
				921137EB2ACEC12A00B31DCE /* ResourceType.swift */,
			);
			path = Type;
			sourceTree = "<group>";
		};
/* End PBXGroup section */

/* Begin PBXNativeTarget section */
		921137D12ACEB39700B31DCE /* CatCard */ = {
			isa = PBXNativeTarget;
			buildConfigurationList = 921137E62ACEB39800B31DCE /* Build configuration list for PBXNativeTarget "CatCard" */;
			buildPhases = (
				921137CE2ACEB39700B31DCE /* Sources */,
				921137CF2ACEB39700B31DCE /* Frameworks */,
				921137D02ACEB39700B31DCE /* Resources */,
			);
			buildRules = (
			);
			dependencies = (
			);
			name = CatCard;
			productName = CatCard;
			productReference = 921137D22ACEB39700B31DCE /* CatCard.app */;
			productType = "com.apple.product-type.application";
		};
/* End PBXNativeTarget section */

/* Begin PBXProject section */
		921137CA2ACEB39700B31DCE /* Project object */ = {
			isa = PBXProject;
			attributes = {
				BuildIndependentTargetsInParallel = 1;
				LastSwiftUpdateCheck = 1430;
				LastUpgradeCheck = 1430;
				TargetAttributes = {
					921137D12ACEB39700B31DCE = {
						CreatedOnToolsVersion = 14.3;
					};
				};
			};
			buildConfigurationList = 921137CD2ACEB39700B31DCE /* Build configuration list for PBXProject "CatCard" */;
			compatibilityVersion = "Xcode 14.0";
			developmentRegion = en;
			hasScannedForEncodings = 0;
			knownRegions = (
				en,
				Base,
			);
			mainGroup = 921137C92ACEB39700B31DCE;
			productRefGroup = 921137D32ACEB39700B31DCE /* Products */;
			projectDirPath = "";
			projectRoot = "";
			targets = (
				921137D12ACEB39700B31DCE /* CatCard */,
			);
		};
/* End PBXProject section */

/* Begin PBXResourcesBuildPhase section */
		921137D02ACEB39700B31DCE /* Resources */ = {
			isa = PBXResourcesBuildPhase;
			buildActionMask = 2147483647;
			files = (
				921137E22ACEB39800B31DCE /* LaunchScreen.storyboard in Resources */,
				921137DF2ACEB39800B31DCE /* Assets.xcassets in Resources */,
				921137DD2ACEB39700B31DCE /* Main.storyboard in Resources */,
			);
			runOnlyForDeploymentPostprocessing = 0;
		};
/* End PBXResourcesBuildPhase section */

/* Begin PBXSourcesBuildPhase section */
		921137CE2ACEB39700B31DCE /* Sources */ = {
			isa = PBXSourcesBuildPhase;
			buildActionMask = 2147483647;
			files = (
				921137F02ACECFDD00B31DCE /* PlayerProtocol.swift in Sources */,
				921137F22ACEE06300B31DCE /* GameManager.swift in Sources */,
				921137DA2ACEB39700B31DCE /* ViewController.swift in Sources */,
				921137EA2ACEC0A500B31DCE /* CatSpecies.swift in Sources */,
				921137EC2ACEC12A00B31DCE /* ResourceType.swift in Sources */,
				921137EE2ACEC55B00B31DCE /* CardDummy.swift in Sources */,
				921137F42ACEF0ED00B31DCE /* Computer.swift in Sources */,
				921137D62ACEB39700B31DCE /* AppDelegate.swift in Sources */,
				921137F62ACEF10500B31DCE /* User.swift in Sources */,
				921137D82ACEB39700B31DCE /* SceneDelegate.swift in Sources */,
			);
			runOnlyForDeploymentPostprocessing = 0;
		};
/* End PBXSourcesBuildPhase section */

/* Begin PBXVariantGroup section */
		921137DB2ACEB39700B31DCE /* Main.storyboard */ = {
			isa = PBXVariantGroup;
			children = (
				921137DC2ACEB39700B31DCE /* Base */,
			);
			name = Main.storyboard;
			sourceTree = "<group>";
		};
		921137E02ACEB39800B31DCE /* LaunchScreen.storyboard */ = {
			isa = PBXVariantGroup;
			children = (
				921137E12ACEB39800B31DCE /* Base */,
			);
			name = LaunchScreen.storyboard;
			sourceTree = "<group>";
		};
/* End PBXVariantGroup section */

/* Begin XCBuildConfiguration section */
		921137E42ACEB39800B31DCE /* Debug */ = {
			isa = XCBuildConfiguration;
			buildSettings = {
				ALWAYS_SEARCH_USER_PATHS = NO;
				CLANG_ANALYZER_NONNULL = YES;
				CLANG_ANALYZER_NUMBER_OBJECT_CONVERSION = YES_AGGRESSIVE;
				CLANG_CXX_LANGUAGE_STANDARD = "gnu++20";
				CLANG_ENABLE_MODULES = YES;
				CLANG_ENABLE_OBJC_ARC = YES;
				CLANG_ENABLE_OBJC_WEAK = YES;
				CLANG_WARN_BLOCK_CAPTURE_AUTORELEASING = YES;
				CLANG_WARN_BOOL_CONVERSION = YES;
				CLANG_WARN_COMMA = YES;
				CLANG_WARN_CONSTANT_CONVERSION = YES;
				CLANG_WARN_DEPRECATED_OBJC_IMPLEMENTATIONS = YES;
				CLANG_WARN_DIRECT_OBJC_ISA_USAGE = YES_ERROR;
				CLANG_WARN_DOCUMENTATION_COMMENTS = YES;
				CLANG_WARN_EMPTY_BODY = YES;
				CLANG_WARN_ENUM_CONVERSION = YES;
				CLANG_WARN_INFINITE_RECURSION = YES;
				CLANG_WARN_INT_CONVERSION = YES;
				CLANG_WARN_NON_LITERAL_NULL_CONVERSION = YES;
				CLANG_WARN_OBJC_IMPLICIT_RETAIN_SELF = YES;
				CLANG_WARN_OBJC_LITERAL_CONVERSION = YES;
				CLANG_WARN_OBJC_ROOT_CLASS = YES_ERROR;
				CLANG_WARN_QUOTED_INCLUDE_IN_FRAMEWORK_HEADER = YES;
				CLANG_WARN_RANGE_LOOP_ANALYSIS = YES;
				CLANG_WARN_STRICT_PROTOTYPES = YES;
				CLANG_WARN_SUSPICIOUS_MOVE = YES;
				CLANG_WARN_UNGUARDED_AVAILABILITY = YES_AGGRESSIVE;
				CLANG_WARN_UNREACHABLE_CODE = YES;
				CLANG_WARN__DUPLICATE_METHOD_MATCH = YES;
				COPY_PHASE_STRIP = NO;
				DEBUG_INFORMATION_FORMAT = dwarf;
				ENABLE_STRICT_OBJC_MSGSEND = YES;
				ENABLE_TESTABILITY = YES;
				GCC_C_LANGUAGE_STANDARD = gnu11;
				GCC_DYNAMIC_NO_PIC = NO;
				GCC_NO_COMMON_BLOCKS = YES;
				GCC_OPTIMIZATION_LEVEL = 0;
				GCC_PREPROCESSOR_DEFINITIONS = (
					"DEBUG=1",
					"$(inherited)",
				);
				GCC_WARN_64_TO_32_BIT_CONVERSION = YES;
				GCC_WARN_ABOUT_RETURN_TYPE = YES_ERROR;
				GCC_WARN_UNDECLARED_SELECTOR = YES;
				GCC_WARN_UNINITIALIZED_AUTOS = YES_AGGRESSIVE;
				GCC_WARN_UNUSED_FUNCTION = YES;
				GCC_WARN_UNUSED_VARIABLE = YES;
				IPHONEOS_DEPLOYMENT_TARGET = 16.4;
				MTL_ENABLE_DEBUG_INFO = INCLUDE_SOURCE;
				MTL_FAST_MATH = YES;
				ONLY_ACTIVE_ARCH = YES;
				SDKROOT = iphoneos;
				SWIFT_ACTIVE_COMPILATION_CONDITIONS = DEBUG;
				SWIFT_OPTIMIZATION_LEVEL = "-Onone";
			};
			name = Debug;
		};
		921137E52ACEB39800B31DCE /* Release */ = {
			isa = XCBuildConfiguration;
			buildSettings = {
				ALWAYS_SEARCH_USER_PATHS = NO;
				CLANG_ANALYZER_NONNULL = YES;
				CLANG_ANALYZER_NUMBER_OBJECT_CONVERSION = YES_AGGRESSIVE;
				CLANG_CXX_LANGUAGE_STANDARD = "gnu++20";
				CLANG_ENABLE_MODULES = YES;
				CLANG_ENABLE_OBJC_ARC = YES;
				CLANG_ENABLE_OBJC_WEAK = YES;
				CLANG_WARN_BLOCK_CAPTURE_AUTORELEASING = YES;
				CLANG_WARN_BOOL_CONVERSION = YES;
				CLANG_WARN_COMMA = YES;
				CLANG_WARN_CONSTANT_CONVERSION = YES;
				CLANG_WARN_DEPRECATED_OBJC_IMPLEMENTATIONS = YES;
				CLANG_WARN_DIRECT_OBJC_ISA_USAGE = YES_ERROR;
				CLANG_WARN_DOCUMENTATION_COMMENTS = YES;
				CLANG_WARN_EMPTY_BODY = YES;
				CLANG_WARN_ENUM_CONVERSION = YES;
				CLANG_WARN_INFINITE_RECURSION = YES;
				CLANG_WARN_INT_CONVERSION = YES;
				CLANG_WARN_NON_LITERAL_NULL_CONVERSION = YES;
				CLANG_WARN_OBJC_IMPLICIT_RETAIN_SELF = YES;
				CLANG_WARN_OBJC_LITERAL_CONVERSION = YES;
				CLANG_WARN_OBJC_ROOT_CLASS = YES_ERROR;
				CLANG_WARN_QUOTED_INCLUDE_IN_FRAMEWORK_HEADER = YES;
				CLANG_WARN_RANGE_LOOP_ANALYSIS = YES;
				CLANG_WARN_STRICT_PROTOTYPES = YES;
				CLANG_WARN_SUSPICIOUS_MOVE = YES;
				CLANG_WARN_UNGUARDED_AVAILABILITY = YES_AGGRESSIVE;
				CLANG_WARN_UNREACHABLE_CODE = YES;
				CLANG_WARN__DUPLICATE_METHOD_MATCH = YES;
				COPY_PHASE_STRIP = NO;
				DEBUG_INFORMATION_FORMAT = "dwarf-with-dsym";
				ENABLE_NS_ASSERTIONS = NO;
				ENABLE_STRICT_OBJC_MSGSEND = YES;
				GCC_C_LANGUAGE_STANDARD = gnu11;
				GCC_NO_COMMON_BLOCKS = YES;
				GCC_WARN_64_TO_32_BIT_CONVERSION = YES;
				GCC_WARN_ABOUT_RETURN_TYPE = YES_ERROR;
				GCC_WARN_UNDECLARED_SELECTOR = YES;
				GCC_WARN_UNINITIALIZED_AUTOS = YES_AGGRESSIVE;
				GCC_WARN_UNUSED_FUNCTION = YES;
				GCC_WARN_UNUSED_VARIABLE = YES;
				IPHONEOS_DEPLOYMENT_TARGET = 16.4;
				MTL_ENABLE_DEBUG_INFO = NO;
				MTL_FAST_MATH = YES;
				SDKROOT = iphoneos;
				SWIFT_COMPILATION_MODE = wholemodule;
				SWIFT_OPTIMIZATION_LEVEL = "-O";
				VALIDATE_PRODUCT = YES;
			};
			name = Release;
		};
		921137E72ACEB39800B31DCE /* Debug */ = {
			isa = XCBuildConfiguration;
			buildSettings = {
				ASSETCATALOG_COMPILER_APPICON_NAME = AppIcon;
				ASSETCATALOG_COMPILER_GLOBAL_ACCENT_COLOR_NAME = AccentColor;
				CODE_SIGN_STYLE = Manual;
				CURRENT_PROJECT_VERSION = 1;
				DEVELOPMENT_TEAM = "";
				GENERATE_INFOPLIST_FILE = YES;
				INFOPLIST_FILE = CatCard/Info.plist;
				INFOPLIST_KEY_UIApplicationSupportsIndirectInputEvents = YES;
				INFOPLIST_KEY_UILaunchStoryboardName = LaunchScreen;
				INFOPLIST_KEY_UIMainStoryboardFile = Main;
				INFOPLIST_KEY_UISupportedInterfaceOrientations_iPad = "UIInterfaceOrientationPortrait UIInterfaceOrientationPortraitUpsideDown UIInterfaceOrientationLandscapeLeft UIInterfaceOrientationLandscapeRight";
				INFOPLIST_KEY_UISupportedInterfaceOrientations_iPhone = "UIInterfaceOrientationPortrait UIInterfaceOrientationLandscapeLeft UIInterfaceOrientationLandscapeRight";
				IPHONEOS_DEPLOYMENT_TARGET = 15.0;
				LD_RUNPATH_SEARCH_PATHS = (
					"$(inherited)",
					"@executable_path/Frameworks",
				);
				MARKETING_VERSION = 1.0;
				PRODUCT_BUNDLE_IDENTIFIER = kr.traum.marchen.CatCard;
				PRODUCT_NAME = "$(TARGET_NAME)";
				PROVISIONING_PROFILE_SPECIFIER = "";
				SWIFT_EMIT_LOC_STRINGS = YES;
				SWIFT_VERSION = 5.0;
				TARGETED_DEVICE_FAMILY = "1,2";
			};
			name = Debug;
		};
		921137E82ACEB39800B31DCE /* Release */ = {
			isa = XCBuildConfiguration;
			buildSettings = {
				ASSETCATALOG_COMPILER_APPICON_NAME = AppIcon;
				ASSETCATALOG_COMPILER_GLOBAL_ACCENT_COLOR_NAME = AccentColor;
				CODE_SIGN_STYLE = Manual;
				CURRENT_PROJECT_VERSION = 1;
				DEVELOPMENT_TEAM = "";
				GENERATE_INFOPLIST_FILE = YES;
				INFOPLIST_FILE = CatCard/Info.plist;
				INFOPLIST_KEY_UIApplicationSupportsIndirectInputEvents = YES;
				INFOPLIST_KEY_UILaunchStoryboardName = LaunchScreen;
				INFOPLIST_KEY_UIMainStoryboardFile = Main;
				INFOPLIST_KEY_UISupportedInterfaceOrientations_iPad = "UIInterfaceOrientationPortrait UIInterfaceOrientationPortraitUpsideDown UIInterfaceOrientationLandscapeLeft UIInterfaceOrientationLandscapeRight";
				INFOPLIST_KEY_UISupportedInterfaceOrientations_iPhone = "UIInterfaceOrientationPortrait UIInterfaceOrientationLandscapeLeft UIInterfaceOrientationLandscapeRight";
				IPHONEOS_DEPLOYMENT_TARGET = 15.0;
				LD_RUNPATH_SEARCH_PATHS = (
					"$(inherited)",
					"@executable_path/Frameworks",
				);
				MARKETING_VERSION = 1.0;
				PRODUCT_BUNDLE_IDENTIFIER = kr.traum.marchen.CatCard;
				PRODUCT_NAME = "$(TARGET_NAME)";
				PROVISIONING_PROFILE_SPECIFIER = "";
				SWIFT_EMIT_LOC_STRINGS = YES;
				SWIFT_VERSION = 5.0;
				TARGETED_DEVICE_FAMILY = "1,2";
			};
			name = Release;
		};
/* End XCBuildConfiguration section */

/* Begin XCConfigurationList section */
		921137CD2ACEB39700B31DCE /* Build configuration list for PBXProject "CatCard" */ = {
			isa = XCConfigurationList;
			buildConfigurations = (
				921137E42ACEB39800B31DCE /* Debug */,
				921137E52ACEB39800B31DCE /* Release */,
			);
			defaultConfigurationIsVisible = 0;
			defaultConfigurationName = Release;
		};
		921137E62ACEB39800B31DCE /* Build configuration list for PBXNativeTarget "CatCard" */ = {
			isa = XCConfigurationList;
			buildConfigurations = (
				921137E72ACEB39800B31DCE /* Debug */,
				921137E82ACEB39800B31DCE /* Release */,
			);
			defaultConfigurationIsVisible = 0;
			defaultConfigurationName = Release;
		};
/* End XCConfigurationList section */
	};
	rootObject = 921137CA2ACEB39700B31DCE /* Project object */;
}
